// !$*UTF8*$!
{
	archiveVersion = 1;
	classes = {
	};
	objectVersion = 46;
	objects = {

/* Begin PBXBuildFile section */
		DB9716D81E9F90DB0007DB13 /* AppDelegate.swift in Sources */ = {isa = PBXBuildFile; fileRef = DB9716D71E9F90DB0007DB13 /* AppDelegate.swift */; };
		DB9716DA1E9F90DB0007DB13 /* ViewController.swift in Sources */ = {isa = PBXBuildFile; fileRef = DB9716D91E9F90DB0007DB13 /* ViewController.swift */; };
		DB9716DD1E9F90DB0007DB13 /* Main.storyboard in Resources */ = {isa = PBXBuildFile; fileRef = DB9716DB1E9F90DB0007DB13 /* Main.storyboard */; };
		DB9716DF1E9F90DB0007DB13 /* Assets.xcassets in Resources */ = {isa = PBXBuildFile; fileRef = DB9716DE1E9F90DB0007DB13 /* Assets.xcassets */; };
		DB9716E21E9F90DB0007DB13 /* LaunchScreen.storyboard in Resources */ = {isa = PBXBuildFile; fileRef = DB9716E01E9F90DB0007DB13 /* LaunchScreen.storyboard */; };
		DB9716ED1E9F90DB0007DB13 /* todoAppTests.swift in Sources */ = {isa = PBXBuildFile; fileRef = DB9716EC1E9F90DB0007DB13 /* todoAppTests.swift */; };
		DB9716F81E9F90DB0007DB13 /* todoAppUITests.swift in Sources */ = {isa = PBXBuildFile; fileRef = DB9716F71E9F90DB0007DB13 /* todoAppUITests.swift */; };
/* End PBXBuildFile section */

/* Begin PBXContainerItemProxy section */
		DB9716E91E9F90DB0007DB13 /* PBXContainerItemProxy */ = {
			isa = PBXContainerItemProxy;
			containerPortal = DB9716CC1E9F90DB0007DB13 /* Project object */;
			proxyType = 1;
			remoteGlobalIDString = DB9716D31E9F90DB0007DB13;
			remoteInfo = todoApp;
		};
		DB9716F41E9F90DB0007DB13 /* PBXContainerItemProxy */ = {
			isa = PBXContainerItemProxy;
			containerPortal = DB9716CC1E9F90DB0007DB13 /* Project object */;
			proxyType = 1;
			remoteGlobalIDString = DB9716D31E9F90DB0007DB13;
			remoteInfo = todoApp;
		};
/* End PBXContainerItemProxy section */

/* Begin PBXFileReference section */
		DB9716D41E9F90DB0007DB13 /* todoApp.app */ = {isa = PBXFileReference; explicitFileType = wrapper.application; includeInIndex = 0; path = todoApp.app; sourceTree = BUILT_PRODUCTS_DIR; };
		DB9716D71E9F90DB0007DB13 /* AppDelegate.swift */ = {isa = PBXFileReference; lastKnownFileType = sourcecode.swift; path = AppDelegate.swift; sourceTree = "<group>"; };
		DB9716D91E9F90DB0007DB13 /* ViewController.swift */ = {isa = PBXFileReference; lastKnownFileType = sourcecode.swift; path = ViewController.swift; sourceTree = "<group>"; };
		DB9716DC1E9F90DB0007DB13 /* Base */ = {isa = PBXFileReference; lastKnownFileType = file.storyboard; name = Base; path = Base.lproj/Main.storyboard; sourceTree = "<group>"; };
		DB9716DE1E9F90DB0007DB13 /* Assets.xcassets */ = {isa = PBXFileReference; lastKnownFileType = folder.assetcatalog; path = Assets.xcassets; sourceTree = "<group>"; };
		DB9716E11E9F90DB0007DB13 /* Base */ = {isa = PBXFileReference; lastKnownFileType = file.storyboard; name = Base; path = Base.lproj/LaunchScreen.storyboard; sourceTree = "<group>"; };
		DB9716E31E9F90DB0007DB13 /* Info.plist */ = {isa = PBXFileReference; lastKnownFileType = text.plist.xml; path = Info.plist; sourceTree = "<group>"; };
		DB9716E81E9F90DB0007DB13 /* todoAppTests.xctest */ = {isa = PBXFileReference; explicitFileType = wrapper.cfbundle; includeInIndex = 0; path = todoAppTests.xctest; sourceTree = BUILT_PRODUCTS_DIR; };
		DB9716EC1E9F90DB0007DB13 /* todoAppTests.swift */ = {isa = PBXFileReference; lastKnownFileType = sourcecode.swift; path = todoAppTests.swift; sourceTree = "<group>"; };
		DB9716EE1E9F90DB0007DB13 /* Info.plist */ = {isa = PBXFileReference; lastKnownFileType = text.plist.xml; path = Info.plist; sourceTree = "<group>"; };
		DB9716F31E9F90DB0007DB13 /* todoAppUITests.xctest */ = {isa = PBXFileReference; explicitFileType = wrapper.cfbundle; includeInIndex = 0; path = todoAppUITests.xctest; sourceTree = BUILT_PRODUCTS_DIR; };
		DB9716F71E9F90DB0007DB13 /* todoAppUITests.swift */ = {isa = PBXFileReference; lastKnownFileType = sourcecode.swift; path = todoAppUITests.swift; sourceTree = "<group>"; };
		DB9716F91E9F90DB0007DB13 /* Info.plist */ = {isa = PBXFileReference; lastKnownFileType = text.plist.xml; path = Info.plist; sourceTree = "<group>"; };
/* End PBXFileReference section */

/* Begin PBXFrameworksBuildPhase section */
		DB9716D11E9F90DB0007DB13 /* Frameworks */ = {
			isa = PBXFrameworksBuildPhase;
			buildActionMask = 2147483647;
			files = (
			);
			runOnlyForDeploymentPostprocessing = 0;
		};
		DB9716E51E9F90DB0007DB13 /* Frameworks */ = {
			isa = PBXFrameworksBuildPhase;
			buildActionMask = 2147483647;
			files = (
			);
			runOnlyForDeploymentPostprocessing = 0;
		};
		DB9716F01E9F90DB0007DB13 /* Frameworks */ = {
			isa = PBXFrameworksBuildPhase;
			buildActionMask = 2147483647;
			files = (
			);
			runOnlyForDeploymentPostprocessing = 0;
		};
/* End PBXFrameworksBuildPhase section */

/* Begin PBXGroup section */
		DB9716CB1E9F90DB0007DB13 = {
			isa = PBXGroup;
			children = (
				DB9716D61E9F90DB0007DB13 /* todoApp */,
				DB9716EB1E9F90DB0007DB13 /* todoAppTests */,
				DB9716F61E9F90DB0007DB13 /* todoAppUITests */,
				DB9716D51E9F90DB0007DB13 /* Products */,
			);
			sourceTree = "<group>";
		};
		DB9716D51E9F90DB0007DB13 /* Products */ = {
			isa = PBXGroup;
			children = (
				DB9716D41E9F90DB0007DB13 /* todoApp.app */,
				DB9716E81E9F90DB0007DB13 /* todoAppTests.xctest */,
				DB9716F31E9F90DB0007DB13 /* todoAppUITests.xctest */,
			);
			name = Products;
			sourceTree = "<group>";
		};
		DB9716D61E9F90DB0007DB13 /* todoApp */ = {
			isa = PBXGroup;
			children = (
				DB9716D71E9F90DB0007DB13 /* AppDelegate.swift */,
				DB9716D91E9F90DB0007DB13 /* ViewController.swift */,
				DB9716DB1E9F90DB0007DB13 /* Main.storyboard */,
				DB9716DE1E9F90DB0007DB13 /* Assets.xcassets */,
				DB9716E01E9F90DB0007DB13 /* LaunchScreen.storyboard */,
				DB9716E31E9F90DB0007DB13 /* Info.plist */,
			);
			path = todoApp;
			sourceTree = "<group>";
		};
		DB9716EB1E9F90DB0007DB13 /* todoAppTests */ = {
			isa = PBXGroup;
			children = (
				DB9716EC1E9F90DB0007DB13 /* todoAppTests.swift */,
				DB9716EE1E9F90DB0007DB13 /* Info.plist */,
			);
			path = todoAppTests;
			sourceTree = "<group>";
		};
		DB9716F61E9F90DB0007DB13 /* todoAppUITests */ = {
			isa = PBXGroup;
			children = (
				DB9716F71E9F90DB0007DB13 /* todoAppUITests.swift */,
				DB9716F91E9F90DB0007DB13 /* Info.plist */,
			);
			path = todoAppUITests;
			sourceTree = "<group>";
		};
/* End PBXGroup section */

/* Begin PBXNativeTarget section */
		DB9716D31E9F90DB0007DB13 /* todoApp */ = {
			isa = PBXNativeTarget;
			buildConfigurationList = DB9716FC1E9F90DB0007DB13 /* Build configuration list for PBXNativeTarget "todoApp" */;
			buildPhases = (
				DB9716D01E9F90DB0007DB13 /* Sources */,
				DB9716D11E9F90DB0007DB13 /* Frameworks */,
				DB9716D21E9F90DB0007DB13 /* Resources */,
			);
			buildRules = (
			);
			dependencies = (
			);
			name = todoApp;
			productName = todoApp;
			productReference = DB9716D41E9F90DB0007DB13 /* todoApp.app */;
			productType = "com.apple.product-type.application";
		};
		DB9716E71E9F90DB0007DB13 /* todoAppTests */ = {
			isa = PBXNativeTarget;
			buildConfigurationList = DB9716FF1E9F90DB0007DB13 /* Build configuration list for PBXNativeTarget "todoAppTests" */;
			buildPhases = (
				DB9716E41E9F90DB0007DB13 /* Sources */,
				DB9716E51E9F90DB0007DB13 /* Frameworks */,
				DB9716E61E9F90DB0007DB13 /* Resources */,
			);
			buildRules = (
			);
			dependencies = (
				DB9716EA1E9F90DB0007DB13 /* PBXTargetDependency */,
			);
			name = todoAppTests;
			productName = todoAppTests;
			productReference = DB9716E81E9F90DB0007DB13 /* todoAppTests.xctest */;
			productType = "com.apple.product-type.bundle.unit-test";
		};
		DB9716F21E9F90DB0007DB13 /* todoAppUITests */ = {
			isa = PBXNativeTarget;
			buildConfigurationList = DB9717021E9F90DB0007DB13 /* Build configuration list for PBXNativeTarget "todoAppUITests" */;
			buildPhases = (
				DB9716EF1E9F90DB0007DB13 /* Sources */,
				DB9716F01E9F90DB0007DB13 /* Frameworks */,
				DB9716F11E9F90DB0007DB13 /* Resources */,
			);
			buildRules = (
			);
			dependencies = (
				DB9716F51E9F90DB0007DB13 /* PBXTargetDependency */,
			);
			name = todoAppUITests;
			productName = todoAppUITests;
			productReference = DB9716F31E9F90DB0007DB13 /* todoAppUITests.xctest */;
			productType = "com.apple.product-type.bundle.ui-testing";
		};
/* End PBXNativeTarget section */

/* Begin PBXProject section */
		DB9716CC1E9F90DB0007DB13 /* Project object */ = {
			isa = PBXProject;
			attributes = {
				LastSwiftUpdateCheck = 0830;
				LastUpgradeCheck = 0830;
				ORGANIZATIONNAME = "Posco ICT VN";
				TargetAttributes = {
					DB9716D31E9F90DB0007DB13 = {
						CreatedOnToolsVersion = 8.3.1;
						ProvisioningStyle = Automatic;
					};
					DB9716E71E9F90DB0007DB13 = {
						CreatedOnToolsVersion = 8.3.1;
						ProvisioningStyle = Automatic;
						TestTargetID = DB9716D31E9F90DB0007DB13;
					};
					DB9716F21E9F90DB0007DB13 = {
						CreatedOnToolsVersion = 8.3.1;
						ProvisioningStyle = Automatic;
						TestTargetID = DB9716D31E9F90DB0007DB13;
					};
				};
			};
			buildConfigurationList = DB9716CF1E9F90DB0007DB13 /* Build configuration list for PBXProject "todoApp" */;
			compatibilityVersion = "Xcode 3.2";
			developmentRegion = English;
			hasScannedForEncodings = 0;
			knownRegions = (
				en,
				Base,
			);
			mainGroup = DB9716CB1E9F90DB0007DB13;
			productRefGroup = DB9716D51E9F90DB0007DB13 /* Products */;
			projectDirPath = "";
			projectRoot = "";
			targets = (
				DB9716D31E9F90DB0007DB13 /* todoApp */,
				DB9716E71E9F90DB0007DB13 /* todoAppTests */,
				DB9716F21E9F90DB0007DB13 /* todoAppUITests */,
			);
		};
/* End PBXProject section */

/* Begin PBXResourcesBuildPhase section */
		DB9716D21E9F90DB0007DB13 /* Resources */ = {
			isa = PBXResourcesBuildPhase;
			buildActionMask = 2147483647;
			files = (
				DB9716E21E9F90DB0007DB13 /* LaunchScreen.storyboard in Resources */,
				DB9716DF1E9F90DB0007DB13 /* Assets.xcassets in Resources */,
				DB9716DD1E9F90DB0007DB13 /* Main.storyboard in Resources */,
			);
			runOnlyForDeploymentPostprocessing = 0;
		};
		DB9716E61E9F90DB0007DB13 /* Resources */ = {
			isa = PBXResourcesBuildPhase;
			buildActionMask = 2147483647;
			files = (
			);
			runOnlyForDeploymentPostprocessing = 0;
		};
		DB9716F11E9F90DB0007DB13 /* Resources */ = {
			isa = PBXResourcesBuildPhase;
			buildActionMask = 2147483647;
			files = (
			);
			runOnlyForDeploymentPostprocessing = 0;
		};
/* End PBXResourcesBuildPhase section */

/* Begin PBXSourcesBuildPhase section */
		DB9716D01E9F90DB0007DB13 /* Sources */ = {
			isa = PBXSourcesBuildPhase;
			buildActionMask = 2147483647;
			files = (
				DB9716DA1E9F90DB0007DB13 /* ViewController.swift in Sources */,
				DB9716D81E9F90DB0007DB13 /* AppDelegate.swift in Sources */,
			);
			runOnlyForDeploymentPostprocessing = 0;
		};
		DB9716E41E9F90DB0007DB13 /* Sources */ = {
			isa = PBXSourcesBuildPhase;
			buildActionMask = 2147483647;
			files = (
				DB9716ED1E9F90DB0007DB13 /* todoAppTests.swift in Sources */,
			);
			runOnlyForDeploymentPostprocessing = 0;
		};
		DB9716EF1E9F90DB0007DB13 /* Sources */ = {
			isa = PBXSourcesBuildPhase;
			buildActionMask = 2147483647;
			files = (
				DB9716F81E9F90DB0007DB13 /* todoAppUITests.swift in Sources */,
			);
			runOnlyForDeploymentPostprocessing = 0;
		};
/* End PBXSourcesBuildPhase section */

/* Begin PBXTargetDependency section */
		DB9716EA1E9F90DB0007DB13 /* PBXTargetDependency */ = {
			isa = PBXTargetDependency;
			target = DB9716D31E9F90DB0007DB13 /* todoApp */;
			targetProxy = DB9716E91E9F90DB0007DB13 /* PBXContainerItemProxy */;
		};
		DB9716F51E9F90DB0007DB13 /* PBXTargetDependency */ = {
			isa = PBXTargetDependency;
			target = DB9716D31E9F90DB0007DB13 /* todoApp */;
			targetProxy = DB9716F41E9F90DB0007DB13 /* PBXContainerItemProxy */;
		};
/* End PBXTargetDependency section */

/* Begin PBXVariantGroup section */
		DB9716DB1E9F90DB0007DB13 /* Main.storyboard */ = {
			isa = PBXVariantGroup;
			children = (
				DB9716DC1E9F90DB0007DB13 /* Base */,
			);
			name = Main.storyboard;
			sourceTree = "<group>";
		};
		DB9716E01E9F90DB0007DB13 /* LaunchScreen.storyboard */ = {
			isa = PBXVariantGroup;
			children = (
				DB9716E11E9F90DB0007DB13 /* Base */,
			);
			name = LaunchScreen.storyboard;
			sourceTree = "<group>";
		};
/* End PBXVariantGroup section */

/* Begin XCBuildConfiguration section */
		DB9716FA1E9F90DB0007DB13 /* Debug */ = {
			isa = XCBuildConfiguration;
			buildSettings = {
				ALWAYS_SEARCH_USER_PATHS = NO;
				CLANG_ANALYZER_NONNULL = YES;
				CLANG_ANALYZER_NUMBER_OBJECT_CONVERSION = YES_AGGRESSIVE;
				CLANG_CXX_LANGUAGE_STANDARD = "gnu++0x";
				CLANG_CXX_LIBRARY = "libc++";
				CLANG_ENABLE_MODULES = YES;
				CLANG_ENABLE_OBJC_ARC = YES;
				CLANG_WARN_BOOL_CONVERSION = YES;
				CLANG_WARN_CONSTANT_CONVERSION = YES;
				CLANG_WARN_DIRECT_OBJC_ISA_USAGE = YES_ERROR;
				CLANG_WARN_DOCUMENTATION_COMMENTS = YES;
				CLANG_WARN_EMPTY_BODY = YES;
				CLANG_WARN_ENUM_CONVERSION = YES;
				CLANG_WARN_INFINITE_RECURSION = YES;
				CLANG_WARN_INT_CONVERSION = YES;
				CLANG_WARN_OBJC_ROOT_CLASS = YES_ERROR;
				CLANG_WARN_SUSPICIOUS_MOVE = YES;
				CLANG_WARN_UNREACHABLE_CODE = YES;
				CLANG_WARN__DUPLICATE_METHOD_MATCH = YES;
				"CODE_SIGN_IDENTITY[sdk=iphoneos*]" = "iPhone Developer";
				COPY_PHASE_STRIP = NO;
				DEBUG_INFORMATION_FORMAT = dwarf;
				ENABLE_STRICT_OBJC_MSGSEND = YES;
				ENABLE_TESTABILITY = YES;
				GCC_C_LANGUAGE_STANDARD = gnu99;
				GCC_DYNAMIC_NO_PIC = NO;
				GCC_NO_COMMON_BLOCKS = YES;
				GCC_OPTIMIZATION_LEVEL = 0;
				GCC_PREPROCESSOR_DEFINITIONS = (
					"DEBUG=1",
					"$(inherited)",
				);
				GCC_WARN_64_TO_32_BIT_CONVERSION = YES;
				GCC_WARN_ABOUT_RETURN_TYPE = YES_ERROR;
				GCC_WARN_UNDECLARED_SELECTOR = YES;
				GCC_WARN_UNINITIALIZED_AUTOS = YES_AGGRESSIVE;
				GCC_WARN_UNUSED_FUNCTION = YES;
				GCC_WARN_UNUSED_VARIABLE = YES;
				IPHONEOS_DEPLOYMENT_TARGET = 10.3;
				MTL_ENABLE_DEBUG_INFO = YES;
				ONLY_ACTIVE_ARCH = YES;
				SDKROOT = iphoneos;
				SWIFT_ACTIVE_COMPILATION_CONDITIONS = DEBUG;
				SWIFT_OPTIMIZATION_LEVEL = "-Onone";
				TARGETED_DEVICE_FAMILY = "1,2";
			};
			name = Debug;
		};
		DB9716FB1E9F90DB0007DB13 /* Release */ = {
			isa = XCBuildConfiguration;
			buildSettings = {
				ALWAYS_SEARCH_USER_PATHS = NO;
				CLANG_ANALYZER_NONNULL = YES;
				CLANG_ANALYZER_NUMBER_OBJECT_CONVERSION = YES_AGGRESSIVE;
				CLANG_CXX_LANGUAGE_STANDARD = "gnu++0x";
				CLANG_CXX_LIBRARY = "libc++";
				CLANG_ENABLE_MODULES = YES;
				CLANG_ENABLE_OBJC_ARC = YES;
				CLANG_WARN_BOOL_CONVERSION = YES;
				CLANG_WARN_CONSTANT_CONVERSION = YES;
				CLANG_WARN_DIRECT_OBJC_ISA_USAGE = YES_ERROR;
				CLANG_WARN_DOCUMENTATION_COMMENTS = YES;
				CLANG_WARN_EMPTY_BODY = YES;
				CLANG_WARN_ENUM_CONVERSION = YES;
				CLANG_WARN_INFINITE_RECURSION = YES;
				CLANG_WARN_INT_CONVERSION = YES;
				CLANG_WARN_OBJC_ROOT_CLASS = YES_ERROR;
				CLANG_WARN_SUSPICIOUS_MOVE = YES;
				CLANG_WARN_UNREACHABLE_CODE = YES;
				CLANG_WARN__DUPLICATE_METHOD_MATCH = YES;
				"CODE_SIGN_IDENTITY[sdk=iphoneos*]" = "iPhone Developer";
				COPY_PHASE_STRIP = NO;
				DEBUG_INFORMATION_FORMAT = "dwarf-with-dsym";
				ENABLE_NS_ASSERTIONS = NO;
				ENABLE_STRICT_OBJC_MSGSEND = YES;
				GCC_C_LANGUAGE_STANDARD = gnu99;
				GCC_NO_COMMON_BLOCKS = YES;
				GCC_WARN_64_TO_32_BIT_CONVERSION = YES;
				GCC_WARN_ABOUT_RETURN_TYPE = YES_ERROR;
				GCC_WARN_UNDECLARED_SELECTOR = YES;
				GCC_WARN_UNINITIALIZED_AUTOS = YES_AGGRESSIVE;
				GCC_WARN_UNUSED_FUNCTION = YES;
				GCC_WARN_UNUSED_VARIABLE = YES;
				IPHONEOS_DEPLOYMENT_TARGET = 10.3;
				MTL_ENABLE_DEBUG_INFO = NO;
				SDKROOT = iphoneos;
				SWIFT_OPTIMIZATION_LEVEL = "-Owholemodule";
				TARGETED_DEVICE_FAMILY = "1,2";
				VALIDATE_PRODUCT = YES;
			};
			name = Release;
		};
		DB9716FD1E9F90DB0007DB13 /* Debug */ = {
			isa = XCBuildConfiguration;
			buildSettings = {
				ASSETCATALOG_COMPILER_APPICON_NAME = AppIcon;
				INFOPLIST_FILE = todoApp/Info.plist;
				LD_RUNPATH_SEARCH_PATHS = "$(inherited) @executable_path/Frameworks";
				PRODUCT_BUNDLE_IDENTIFIER = com.posco.ictvn.todoApp;
				PRODUCT_NAME = "$(TARGET_NAME)";
				SWIFT_VERSION = 3.0;
			};
			name = Debug;
		};
		DB9716FE1E9F90DB0007DB13 /* Release */ = {
			isa = XCBuildConfiguration;
			buildSettings = {
				ASSETCATALOG_COMPILER_APPICON_NAME = AppIcon;
				INFOPLIST_FILE = todoApp/Info.plist;
				LD_RUNPATH_SEARCH_PATHS = "$(inherited) @executable_path/Frameworks";
				PRODUCT_BUNDLE_IDENTIFIER = com.posco.ictvn.todoApp;
				PRODUCT_NAME = "$(TARGET_NAME)";
				SWIFT_VERSION = 3.0;
			};
			name = Release;
		};
		DB9717001E9F90DB0007DB13 /* Debug */ = {
			isa = XCBuildConfiguration;
			buildSettings = {
				ALWAYS_EMBED_SWIFT_STANDARD_LIBRARIES = YES;
				BUNDLE_LOADER = "$(TEST_HOST)";
				INFOPLIST_FILE = todoAppTests/Info.plist;
				LD_RUNPATH_SEARCH_PATHS = "$(inherited) @executable_path/Frameworks @loader_path/Frameworks";
				PRODUCT_BUNDLE_IDENTIFIER = com.posco.ictvn.todoAppTests;
				PRODUCT_NAME = "$(TARGET_NAME)";
				SWIFT_VERSION = 3.0;
				TEST_HOST = "$(BUILT_PRODUCTS_DIR)/todoApp.app/todoApp";
			};
			name = Debug;
		};
		DB9717011E9F90DB0007DB13 /* Release */ = {
			isa = XCBuildConfiguration;
			buildSettings = {
				ALWAYS_EMBED_SWIFT_STANDARD_LIBRARIES = YES;
				BUNDLE_LOADER = "$(TEST_HOST)";
				INFOPLIST_FILE = todoAppTests/Info.plist;
				LD_RUNPATH_SEARCH_PATHS = "$(inherited) @executable_path/Frameworks @loader_path/Frameworks";
				PRODUCT_BUNDLE_IDENTIFIER = com.posco.ictvn.todoAppTests;
				PRODUCT_NAME = "$(TARGET_NAME)";
				SWIFT_VERSION = 3.0;
				TEST_HOST = "$(BUILT_PRODUCTS_DIR)/todoApp.app/todoApp";
			};
			name = Release;
		};
		DB9717031E9F90DB0007DB13 /* Debug */ = {
			isa = XCBuildConfiguration;
			buildSettings = {
				ALWAYS_EMBED_SWIFT_STANDARD_LIBRARIES = YES;
				INFOPLIST_FILE = todoAppUITests/Info.plist;
				LD_RUNPATH_SEARCH_PATHS = "$(inherited) @executable_path/Frameworks @loader_path/Frameworks";
				PRODUCT_BUNDLE_IDENTIFIER = com.posco.ictvn.todoAppUITests;
				PRODUCT_NAME = "$(TARGET_NAME)";
				SWIFT_VERSION = 3.0;
				TEST_TARGET_NAME = todoApp;
			};
			name = Debug;
		};
		DB9717041E9F90DB0007DB13 /* Release */ = {
			isa = XCBuildConfiguration;
			buildSettings = {
				ALWAYS_EMBED_SWIFT_STANDARD_LIBRARIES = YES;
				INFOPLIST_FILE = todoAppUITests/Info.plist;
				LD_RUNPATH_SEARCH_PATHS = "$(inherited) @executable_path/Frameworks @loader_path/Frameworks";
				PRODUCT_BUNDLE_IDENTIFIER = com.posco.ictvn.todoAppUITests;
				PRODUCT_NAME = "$(TARGET_NAME)";
				SWIFT_VERSION = 3.0;
				TEST_TARGET_NAME = todoApp;
			};
			name = Release;
		};
/* End XCBuildConfiguration section */

/* Begin XCConfigurationList section */
		DB9716CF1E9F90DB0007DB13 /* Build configuration list for PBXProject "todoApp" */ = {
			isa = XCConfigurationList;
			buildConfigurations = (
				DB9716FA1E9F90DB0007DB13 /* Debug */,
				DB9716FB1E9F90DB0007DB13 /* Release */,
			);
			defaultConfigurationIsVisible = 0;
			defaultConfigurationName = Release;
		};
		DB9716FC1E9F90DB0007DB13 /* Build configuration list for PBXNativeTarget "todoApp" */ = {
			isa = XCConfigurationList;
			buildConfigurations = (
				DB9716FD1E9F90DB0007DB13 /* Debug */,
				DB9716FE1E9F90DB0007DB13 /* Release */,
			);
			defaultConfigurationIsVisible = 0;
		};
		DB9716FF1E9F90DB0007DB13 /* Build configuration list for PBXNativeTarget "todoAppTests" */ = {
			isa = XCConfigurationList;
			buildConfigurations = (
				DB9717001E9F90DB0007DB13 /* Debug */,
				DB9717011E9F90DB0007DB13 /* Release */,
			);
			defaultConfigurationIsVisible = 0;
		};
		DB9717021E9F90DB0007DB13 /* Build configuration list for PBXNativeTarget "todoAppUITests" */ = {
			isa = XCConfigurationList;
			buildConfigurations = (
				DB9717031E9F90DB0007DB13 /* Debug */,
				DB9717041E9F90DB0007DB13 /* Release */,
			);
			defaultConfigurationIsVisible = 0;
		};
/* End XCConfigurationList section */
	};
	rootObject = DB9716CC1E9F90DB0007DB13 /* Project object */;
}
